
Microsoft Visual Studio Solution File, Format Version 12.00
# Visual Studio Version 17
VisualStudioVersion = 17.2.32630.192
MinimumVisualStudioVersion = 10.0.40219.1
Project("{FAE04EC0-301F-11D3-BF4B-00C04F79EFBC}") = "ApplicationLock", "ApplicationLock\ApplicationLock.csproj", "{04E62F12-1FF4-4DC2-A84B-5340BE3C4D04}"
EndProject
Global
	GlobalSection(SolutionConfigurationPlatforms) = preSolution
		Debug|Any CPU = Debug|Any CPU
		Release|Any CPU = Release|Any CPU
	EndGlobalSection
	GlobalSection(ProjectConfigurationPlatforms) = postSolution
		{04E62F12-1FF4-4DC2-A84B-5340BE3C4D04}.Debug|Any CPU.ActiveCfg = Debug|Any CPU
		{04E62F12-1FF4-4DC2-A84B-5340BE3C4D04}.Debug|Any CPU.Build.0 = Debug|Any CPU
		{04E62F12-1FF4-4DC2-A84B-5340BE3C4D04}.Release|Any CPU.ActiveCfg = Release|Any CPU
		{04E62F12-1FF4-4DC2-A84B-5340BE3C4D04}.Release|Any CPU.Build.0 = Release|Any CPU
	EndGlobalSection
	GlobalSection(SolutionProperties) = preSolution
		HideSolutionNode = FALSE
	EndGlobalSection
	GlobalSection(ExtensibilityGlobals) = postSolution
		SolutionGuid = {285843F8-F290-4472-8070-7A8A18BFADEB}
	EndGlobalSection
EndGlobal
